// !$*UTF8*$!
{
	archiveVersion = 1;
	classes = {
	};
	objectVersion = 45;
	objects = {

/* Begin PBXBuildFile section */
		5444631913AA9F0B0000D6D7 /* vEngine.cpp in Sources */ = {isa = PBXBuildFile; fileRef = 5444631713AA9F0B0000D6D7 /* vEngine.cpp */; };
		5444631C13AAA0850000D6D7 /* normalEngine.cpp in Sources */ = {isa = PBXBuildFile; fileRef = 5444631A13AAA0850000D6D7 /* normalEngine.cpp */; };
		5444631F13AB676F0000D6D7 /* car.cpp in Sources */ = {isa = PBXBuildFile; fileRef = 5444631D13AB676F0000D6D7 /* car.cpp */; };
		5444632213AB679C0000D6D7 /* main.cpp in Sources */ = {isa = PBXBuildFile; fileRef = 5444632013AB679C0000D6D7 /* main.cpp */; };
		5444632613AB8D050000D6D7 /* wheel.cpp in Sources */ = {isa = PBXBuildFile; fileRef = 5444632413AB8D050000D6D7 /* wheel.cpp */; };
		5444632913AB8D6E0000D6D7 /* door.cpp in Sources */ = {isa = PBXBuildFile; fileRef = 5444632713AB8D6E0000D6D7 /* door.cpp */; };
		544AE8EC13AA72C700E4F46B /* engine.cpp in Sources */ = {isa = PBXBuildFile; fileRef = 544AE8EA13AA72C700E4F46B /* engine.cpp */; };
		8DD76F650486A84900D96B5E /* abstractFactory.cpp in Sources */ = {isa = PBXBuildFile; fileRef = 08FB7796FE84155DC02AAC07 /* abstractFactory.cpp */; settings = {ATTRIBUTES = (); }; };
		8DD76F6A0486A84900D96B5E /* MyDesignPattern.1 in CopyFiles */ = {isa = PBXBuildFile; fileRef = C6859E8B029090EE04C91782 /* MyDesignPattern.1 */; };
		EF3E305013A56EDE0062F869 /* builder.cpp in Sources */ = {isa = PBXBuildFile; fileRef = EF3E304F13A56EDE0062F869 /* builder.cpp */; };
/* End PBXBuildFile section */

/* Begin PBXCopyFilesBuildPhase section */
		8DD76F690486A84900D96B5E /* CopyFiles */ = {
			isa = PBXCopyFilesBuildPhase;
			buildActionMask = 8;
			dstPath = /usr/share/man/man1/;
			dstSubfolderSpec = 0;
			files = (
				8DD76F6A0486A84900D96B5E /* MyDesignPattern.1 in CopyFiles */,
			);
			runOnlyForDeploymentPostprocessing = 1;
		};
/* End PBXCopyFilesBuildPhase section */

/* Begin PBXFileReference section */
		08FB7796FE84155DC02AAC07 /* abstractFactory.cpp */ = {isa = PBXFileReference; fileEncoding = 4; lastKnownFileType = sourcecode.cpp.cpp; path = abstractFactory.cpp; sourceTree = "<group>"; };
		5444631713AA9F0B0000D6D7 /* vEngine.cpp */ = {isa = PBXFileReference; fileEncoding = 4; lastKnownFileType = sourcecode.cpp.cpp; path = vEngine.cpp; sourceTree = "<group>"; };
		5444631813AA9F0B0000D6D7 /* vEngine.h */ = {isa = PBXFileReference; fileEncoding = 4; lastKnownFileType = sourcecode.c.h; path = vEngine.h; sourceTree = "<group>"; };
		5444631A13AAA0850000D6D7 /* normalEngine.cpp */ = {isa = PBXFileReference; fileEncoding = 4; lastKnownFileType = sourcecode.cpp.cpp; path = normalEngine.cpp; sourceTree = "<group>"; };
		5444631B13AAA0850000D6D7 /* normalEngine.h */ = {isa = PBXFileReference; fileEncoding = 4; lastKnownFileType = sourcecode.c.h; path = normalEngine.h; sourceTree = "<group>"; };
		5444631D13AB676F0000D6D7 /* car.cpp */ = {isa = PBXFileReference; fileEncoding = 4; lastKnownFileType = sourcecode.cpp.cpp; path = car.cpp; sourceTree = "<group>"; };
		5444631E13AB676F0000D6D7 /* car.h */ = {isa = PBXFileReference; fileEncoding = 4; lastKnownFileType = sourcecode.c.h; path = car.h; sourceTree = "<group>"; };
		5444632013AB679C0000D6D7 /* main.cpp */ = {isa = PBXFileReference; fileEncoding = 4; lastKnownFileType = sourcecode.cpp.cpp; path = main.cpp; sourceTree = "<group>"; };
		5444632313AB68760000D6D7 /* abstractFactory.h */ = {isa = PBXFileReference; fileEncoding = 4; lastKnownFileType = sourcecode.c.h; path = abstractFactory.h; sourceTree = "<group>"; };
		5444632413AB8D050000D6D7 /* wheel.cpp */ = {isa = PBXFileReference; fileEncoding = 4; lastKnownFileType = sourcecode.cpp.cpp; path = wheel.cpp; sourceTree = "<group>"; };
		5444632513AB8D050000D6D7 /* wheel.h */ = {isa = PBXFileReference; fileEncoding = 4; lastKnownFileType = sourcecode.c.h; path = wheel.h; sourceTree = "<group>"; };
		5444632713AB8D6E0000D6D7 /* door.cpp */ = {isa = PBXFileReference; fileEncoding = 4; lastKnownFileType = sourcecode.cpp.cpp; path = door.cpp; sourceTree = "<group>"; };
		5444632813AB8D6E0000D6D7 /* door.h */ = {isa = PBXFileReference; fileEncoding = 4; lastKnownFileType = sourcecode.c.h; path = door.h; sourceTree = "<group>"; };
		544AE8EA13AA72C700E4F46B /* engine.cpp */ = {isa = PBXFileReference; fileEncoding = 4; lastKnownFileType = sourcecode.cpp.cpp; path = engine.cpp; sourceTree = "<group>"; };
		544AE8EB13AA72C700E4F46B /* engine.h */ = {isa = PBXFileReference; fileEncoding = 4; lastKnownFileType = sourcecode.c.h; path = engine.h; sourceTree = "<group>"; };
		8DD76F6C0486A84900D96B5E /* MyDesignPattern */ = {isa = PBXFileReference; explicitFileType = "compiled.mach-o.executable"; includeInIndex = 0; path = MyDesignPattern; sourceTree = BUILT_PRODUCTS_DIR; };
		C6859E8B029090EE04C91782 /* MyDesignPattern.1 */ = {isa = PBXFileReference; lastKnownFileType = text.man; path = MyDesignPattern.1; sourceTree = "<group>"; };
		EF3E304F13A56EDE0062F869 /* builder.cpp */ = {isa = PBXFileReference; fileEncoding = 4; lastKnownFileType = sourcecode.cpp.cpp; path = builder.cpp; sourceTree = "<group>"; };
/* End PBXFileReference section */

/* Begin PBXFrameworksBuildPhase section */
		8DD76F660486A84900D96B5E /* Frameworks */ = {
			isa = PBXFrameworksBuildPhase;
			buildActionMask = 2147483647;
			files = (
			);
			runOnlyForDeploymentPostprocessing = 0;
		};
/* End PBXFrameworksBuildPhase section */

/* Begin PBXGroup section */
		08FB7794FE84155DC02AAC07 /* MyDesignPattern */ = {
			isa = PBXGroup;
			children = (
				08FB7795FE84155DC02AAC07 /* Source */,
				C6859E8C029090F304C91782 /* Documentation */,
				1AB674ADFE9D54B511CA2CBB /* Products */,
			);
			name = MyDesignPattern;
			sourceTree = "<group>";
		};
		08FB7795FE84155DC02AAC07 /* Source */ = {
			isa = PBXGroup;
			children = (
				544AE8ED13AA776B00E4F46B /* Product */,
				EF3E304F13A56EDE0062F869 /* builder.cpp */,
				08FB7796FE84155DC02AAC07 /* abstractFactory.cpp */,
				5444632313AB68760000D6D7 /* abstractFactory.h */,
				5444632013AB679C0000D6D7 /* main.cpp */,
			);
			name = Source;
			sourceTree = "<group>";
		};
		1AB674ADFE9D54B511CA2CBB /* Products */ = {
			isa = PBXGroup;
			children = (
				8DD76F6C0486A84900D96B5E /* MyDesignPattern */,
			);
			name = Products;
			sourceTree = "<group>";
		};
		544AE8ED13AA776B00E4F46B /* Product */ = {
			isa = PBXGroup;
			children = (
				544AE8EA13AA72C700E4F46B /* engine.cpp */,
				544AE8EB13AA72C700E4F46B /* engine.h */,
				5444631713AA9F0B0000D6D7 /* vEngine.cpp */,
				5444631813AA9F0B0000D6D7 /* vEngine.h */,
				5444631A13AAA0850000D6D7 /* normalEngine.cpp */,
				5444631B13AAA0850000D6D7 /* normalEngine.h */,
				5444631D13AB676F0000D6D7 /* car.cpp */,
				5444631E13AB676F0000D6D7 /* car.h */,
				5444632413AB8D050000D6D7 /* wheel.cpp */,
				5444632513AB8D050000D6D7 /* wheel.h */,
				5444632713AB8D6E0000D6D7 /* door.cpp */,
				5444632813AB8D6E0000D6D7 /* door.h */,
			);
			name = Product;
			sourceTree = "<group>";
		};
		C6859E8C029090F304C91782 /* Documentation */ = {
			isa = PBXGroup;
			children = (
				C6859E8B029090EE04C91782 /* MyDesignPattern.1 */,
			);
			name = Documentation;
			sourceTree = "<group>";
		};
/* End PBXGroup section */

/* Begin PBXNativeTarget section */
		8DD76F620486A84900D96B5E /* MyDesignPattern */ = {
			isa = PBXNativeTarget;
			buildConfigurationList = 1DEB923108733DC60010E9CD /* Build configuration list for PBXNativeTarget "MyDesignPattern" */;
			buildPhases = (
				8DD76F640486A84900D96B5E /* Sources */,
				8DD76F660486A84900D96B5E /* Frameworks */,
				8DD76F690486A84900D96B5E /* CopyFiles */,
			);
			buildRules = (
			);
			dependencies = (
			);
			name = MyDesignPattern;
			productInstallPath = "$(HOME)/bin";
			productName = MyDesignPattern;
			productReference = 8DD76F6C0486A84900D96B5E /* MyDesignPattern */;
			productType = "com.apple.product-type.tool";
		};
/* End PBXNativeTarget section */

/* Begin PBXProject section */
		08FB7793FE84155DC02AAC07 /* Project object */ = {
			isa = PBXProject;
			buildConfigurationList = 1DEB923508733DC60010E9CD /* Build configuration list for PBXProject "MyDesignPattern" */;
			compatibilityVersion = "Xcode 3.1";
			developmentRegion = English;
			hasScannedForEncodings = 1;
			knownRegions = (
				English,
				Japanese,
				French,
				German,
			);
			mainGroup = 08FB7794FE84155DC02AAC07 /* MyDesignPattern */;
			projectDirPath = "";
			projectRoot = "";
			targets = (
				8DD76F620486A84900D96B5E /* MyDesignPattern */,
			);
		};
/* End PBXProject section */

/* Begin PBXSourcesBuildPhase section */
		8DD76F640486A84900D96B5E /* Sources */ = {
			isa = PBXSourcesBuildPhase;
			buildActionMask = 2147483647;
			files = (
				8DD76F650486A84900D96B5E /* abstractFactory.cpp in Sources */,
				EF3E305013A56EDE0062F869 /* builder.cpp in Sources */,
				544AE8EC13AA72C700E4F46B /* engine.cpp in Sources */,
				5444631913AA9F0B0000D6D7 /* vEngine.cpp in Sources */,
				5444631C13AAA0850000D6D7 /* normalEngine.cpp in Sources */,
				5444631F13AB676F0000D6D7 /* car.cpp in Sources */,
				5444632213AB679C0000D6D7 /* main.cpp in Sources */,
				5444632613AB8D050000D6D7 /* wheel.cpp in Sources */,
				5444632913AB8D6E0000D6D7 /* door.cpp in Sources */,
			);
			runOnlyForDeploymentPostprocessing = 0;
		};
/* End PBXSourcesBuildPhase section */

/* Begin XCBuildConfiguration section */
		1DEB923208733DC60010E9CD /* Debug */ = {
			isa = XCBuildConfiguration;
			buildSettings = {
				ALWAYS_SEARCH_USER_PATHS = NO;
				COPY_PHASE_STRIP = NO;
				GCC_DYNAMIC_NO_PIC = NO;
				GCC_ENABLE_FIX_AND_CONTINUE = YES;
				GCC_MODEL_TUNING = G5;
				GCC_OPTIMIZATION_LEVEL = 0;
				INSTALL_PATH = /usr/local/bin;
				PRODUCT_NAME = MyDesignPattern;
			};
			name = Debug;
		};
		1DEB923308733DC60010E9CD /* Release */ = {
			isa = XCBuildConfiguration;
			buildSettings = {
				ALWAYS_SEARCH_USER_PATHS = NO;
				DEBUG_INFORMATION_FORMAT = "dwarf-with-dsym";
				GCC_MODEL_TUNING = G5;
				INSTALL_PATH = /usr/local/bin;
				PRODUCT_NAME = MyDesignPattern;
			};
			name = Release;
		};
		1DEB923608733DC60010E9CD /* Debug */ = {
			isa = XCBuildConfiguration;
			buildSettings = {
				ARCHS = "$(ARCHS_STANDARD_32_64_BIT)";
				GCC_C_LANGUAGE_STANDARD = gnu99;
				GCC_OPTIMIZATION_LEVEL = 0;
				GCC_WARN_ABOUT_RETURN_TYPE = YES;
				GCC_WARN_UNUSED_VARIABLE = YES;
				ONLY_ACTIVE_ARCH = YES;
				PREBINDING = NO;
				SDKROOT = macosx10.6;
			};
			name = Debug;
		};
		1DEB923708733DC60010E9CD /* Release */ = {
			isa = XCBuildConfiguration;
			buildSettings = {
				ARCHS = "$(ARCHS_STANDARD_32_64_BIT)";
				GCC_C_LANGUAGE_STANDARD = gnu99;
				GCC_WARN_ABOUT_RETURN_TYPE = YES;
				GCC_WARN_UNUSED_VARIABLE = YES;
				PREBINDING = NO;
				SDKROOT = macosx10.6;
			};
			name = Release;
		};
/* End XCBuildConfiguration section */

/* Begin XCConfigurationList section */
		1DEB923108733DC60010E9CD /* Build configuration list for PBXNativeTarget "MyDesignPattern" */ = {
			isa = XCConfigurationList;
			buildConfigurations = (
				1DEB923208733DC60010E9CD /* Debug */,
				1DEB923308733DC60010E9CD /* Release */,
			);
			defaultConfigurationIsVisible = 0;
			defaultConfigurationName = Release;
		};
		1DEB923508733DC60010E9CD /* Build configuration list for PBXProject "MyDesignPattern" */ = {
			isa = XCConfigurationList;
			buildConfigurations = (
				1DEB923608733DC60010E9CD /* Debug */,
				1DEB923708733DC60010E9CD /* Release */,
			);
			defaultConfigurationIsVisible = 0;
			defaultConfigurationName = Release;
		};
/* End XCConfigurationList section */
	};
	rootObject = 08FB7793FE84155DC02AAC07 /* Project object */;
}
